
Microsoft Visual Studio Solution File, Format Version 12.00
# Visual Studio Version 17
VisualStudioVersion = 17.11.35208.52
MinimumVisualStudioVersion = 10.0.40219.1
Project("{FAE04EC0-301F-11D3-BF4B-00C04F79EFBC}") = "SejiClient", "SejiClient\SejiClient.csproj", "{61B4AB3B-B4FB-4495-93C0-B9B4AFEDCA81}"
EndProject
Global
	GlobalSection(SolutionConfigurationPlatforms) = preSolution
		Debug|Any CPU = Debug|Any CPU
		Release|Any CPU = Release|Any CPU
	EndGlobalSection
	GlobalSection(ProjectConfigurationPlatforms) = postSolution
		{61B4AB3B-B4FB-4495-93C0-B9B4AFEDCA81}.Debug|Any CPU.ActiveCfg = Debug|Any CPU
		{61B4AB3B-B4FB-4495-93C0-B9B4AFEDCA81}.Debug|Any CPU.Build.0 = Debug|Any CPU
		{61B4AB3B-B4FB-4495-93C0-B9B4AFEDCA81}.Release|Any CPU.ActiveCfg = Release|Any CPU
		{61B4AB3B-B4FB-4495-93C0-B9B4AFEDCA81}.Release|Any CPU.Build.0 = Release|Any CPU
	EndGlobalSection
	GlobalSection(SolutionProperties) = preSolution
		HideSolutionNode = FALSE
	EndGlobalSection
	GlobalSection(ExtensibilityGlobals) = postSolution
		SolutionGuid = {8090353E-95D0-4BF7-A178-3B0C680946AF}
	EndGlobalSection
EndGlobal
